
Microsoft Visual Studio Solution File, Format Version 12.00
# Visual Studio Version 17
VisualStudioVersion = 17.6.33712.159
MinimumVisualStudioVersion = 10.0.40219.1
Project("{FAE04EC0-301F-11D3-BF4B-00C04F79EFBC}") = "OpenTap.Plugins.LabviewInterop", "OpenTap.Plugins.LabviewInterop.csproj", "{C480AD1A-EC5D-4CAC-8B28-76244572FDCB}"
EndProject
Global
	GlobalSection(SolutionConfigurationPlatforms) = preSolution
		Debug|Any CPU = Debug|Any CPU
		Release|Any CPU = Release|Any CPU
	EndGlobalSection
	GlobalSection(ProjectConfigurationPlatforms) = postSolution
		{C480AD1A-EC5D-4CAC-8B28-76244572FDCB}.Debug|Any CPU.ActiveCfg = Debug|Any CPU
		{C480AD1A-EC5D-4CAC-8B28-76244572FDCB}.Debug|Any CPU.Build.0 = Debug|Any CPU
		{C480AD1A-EC5D-4CAC-8B28-76244572FDCB}.Release|Any CPU.ActiveCfg = Release|Any CPU
		{C480AD1A-EC5D-4CAC-8B28-76244572FDCB}.Release|Any CPU.Build.0 = Release|Any CPU
	EndGlobalSection
	GlobalSection(SolutionProperties) = preSolution
		HideSolutionNode = FALSE
	EndGlobalSection
	GlobalSection(ExtensibilityGlobals) = postSolution
		SolutionGuid = {41C2F350-C704-40B4-826D-C1F97D2673BB}
	EndGlobalSection
EndGlobal
